
Microsoft Visual Studio Solution File, Format Version 12.00
# Visual Studio 15
VisualStudioVersion = 15.0.28307.329
MinimumVisualStudioVersion = 10.0.40219.1
Project("{9A19103F-16F7-4668-BE54-9A1E7A4F7556}") = "Test", "Test\Test.csproj", "{A80A8096-4E62-4200-9FBA-AF1822B5BB4D}"
EndProject
Project("{9A19103F-16F7-4668-BE54-9A1E7A4F7556}") = "Business", "Business\Business.csproj", "{3CF7990F-2F28-4C69-B85D-03CC3B723DC4}"
EndProject
Project("{9A19103F-16F7-4668-BE54-9A1E7A4F7556}") = "Web", "Web\Web.csproj", "{8C993C42-9059-4018-B6BF-BF027436774D}"
EndProject
Project("{2150E333-8FDC-42A3-9474-1A3956D46DE8}") = "Solution Items", "Solution Items", "{DB127D05-445A-4C73-8F67-4B91475E6D39}"
	ProjectSection(SolutionItems) = preProject
		README.md = README.md
	EndProjectSection
EndProject
Project("{2150E333-8FDC-42A3-9474-1A3956D46DE8}") = "ScreenShots", "ScreenShots", "{63547106-3753-4C54-837E-0E2971975D64}"
	ProjectSection(SolutionItems) = preProject
		ScreenShots\1 - Upload Dialog.png = ScreenShots\1 - Upload Dialog.png
		ScreenShots\2 - After Uploading F01705150050.png = ScreenShots\2 - After Uploading F01705150050.png
		ScreenShots\3 - Clicking Weather Data.png = ScreenShots\3 - Clicking Weather Data.png
		ScreenShots\4 - Clicking Parcel Data -- API returns an object with 0 features.png = ScreenShots\4 - Clicking Parcel Data -- API returns an object with 0 features.png
		ScreenShots\5 - Clicking Additional Attributes.png = ScreenShots\5 - Clicking Additional Attributes.png
	EndProjectSection
EndProject
Global
	GlobalSection(SolutionConfigurationPlatforms) = preSolution
		Debug|Any CPU = Debug|Any CPU
		Release|Any CPU = Release|Any CPU
	EndGlobalSection
	GlobalSection(ProjectConfigurationPlatforms) = postSolution
		{A80A8096-4E62-4200-9FBA-AF1822B5BB4D}.Debug|Any CPU.ActiveCfg = Debug|Any CPU
		{A80A8096-4E62-4200-9FBA-AF1822B5BB4D}.Debug|Any CPU.Build.0 = Debug|Any CPU
		{A80A8096-4E62-4200-9FBA-AF1822B5BB4D}.Release|Any CPU.ActiveCfg = Release|Any CPU
		{A80A8096-4E62-4200-9FBA-AF1822B5BB4D}.Release|Any CPU.Build.0 = Release|Any CPU
		{3CF7990F-2F28-4C69-B85D-03CC3B723DC4}.Debug|Any CPU.ActiveCfg = Debug|Any CPU
		{3CF7990F-2F28-4C69-B85D-03CC3B723DC4}.Debug|Any CPU.Build.0 = Debug|Any CPU
		{3CF7990F-2F28-4C69-B85D-03CC3B723DC4}.Release|Any CPU.ActiveCfg = Release|Any CPU
		{3CF7990F-2F28-4C69-B85D-03CC3B723DC4}.Release|Any CPU.Build.0 = Release|Any CPU
		{8C993C42-9059-4018-B6BF-BF027436774D}.Debug|Any CPU.ActiveCfg = Debug|Any CPU
		{8C993C42-9059-4018-B6BF-BF027436774D}.Debug|Any CPU.Build.0 = Debug|Any CPU
		{8C993C42-9059-4018-B6BF-BF027436774D}.Release|Any CPU.ActiveCfg = Release|Any CPU
		{8C993C42-9059-4018-B6BF-BF027436774D}.Release|Any CPU.Build.0 = Release|Any CPU
	EndGlobalSection
	GlobalSection(SolutionProperties) = preSolution
		HideSolutionNode = FALSE
	EndGlobalSection
	GlobalSection(NestedProjects) = preSolution
		{63547106-3753-4C54-837E-0E2971975D64} = {DB127D05-445A-4C73-8F67-4B91475E6D39}
	EndGlobalSection
	GlobalSection(ExtensibilityGlobals) = postSolution
		SolutionGuid = {9D20796C-1C47-4116-B3DA-074B3DDC565C}
	EndGlobalSection
EndGlobal
